// !$*UTF8*$!
{
	archiveVersion = 1;
	classes = {
	};
	objectVersion = 46;
	objects = {

/* Begin PBXBuildFile section */
		2A732D0A1F8F499D00E251BA /* AppDelegate.swift in Sources */ = {isa = PBXBuildFile; fileRef = 2A732D091F8F499D00E251BA /* AppDelegate.swift */; };
		2A732D0C1F8F499D00E251BA /* ViewController.swift in Sources */ = {isa = PBXBuildFile; fileRef = 2A732D0B1F8F499D00E251BA /* ViewController.swift */; };
		2A732D0F1F8F499D00E251BA /* Main.storyboard in Resources */ = {isa = PBXBuildFile; fileRef = 2A732D0D1F8F499D00E251BA /* Main.storyboard */; };
		2A732D111F8F499D00E251BA /* Assets.xcassets in Resources */ = {isa = PBXBuildFile; fileRef = 2A732D101F8F499D00E251BA /* Assets.xcassets */; };
		2A732D141F8F499D00E251BA /* LaunchScreen.storyboard in Resources */ = {isa = PBXBuildFile; fileRef = 2A732D121F8F499D00E251BA /* LaunchScreen.storyboard */; };
/* End PBXBuildFile section */

/* Begin PBXFileReference section */
		2A732D061F8F499D00E251BA /* devv-social.app */ = {isa = PBXFileReference; explicitFileType = wrapper.application; includeInIndex = 0; path = "devv-social.app"; sourceTree = BUILT_PRODUCTS_DIR; };
		2A732D091F8F499D00E251BA /* AppDelegate.swift */ = {isa = PBXFileReference; lastKnownFileType = sourcecode.swift; path = AppDelegate.swift; sourceTree = "<group>"; };
		2A732D0B1F8F499D00E251BA /* ViewController.swift */ = {isa = PBXFileReference; lastKnownFileType = sourcecode.swift; path = ViewController.swift; sourceTree = "<group>"; };
		2A732D0E1F8F499D00E251BA /* Base */ = {isa = PBXFileReference; lastKnownFileType = file.storyboard; name = Base; path = Base.lproj/Main.storyboard; sourceTree = "<group>"; };
		2A732D101F8F499D00E251BA /* Assets.xcassets */ = {isa = PBXFileReference; lastKnownFileType = folder.assetcatalog; path = Assets.xcassets; sourceTree = "<group>"; };
		2A732D131F8F499D00E251BA /* Base */ = {isa = PBXFileReference; lastKnownFileType = file.storyboard; name = Base; path = Base.lproj/LaunchScreen.storyboard; sourceTree = "<group>"; };
		2A732D151F8F499D00E251BA /* Info.plist */ = {isa = PBXFileReference; lastKnownFileType = text.plist.xml; path = Info.plist; sourceTree = "<group>"; };
/* End PBXFileReference section */

/* Begin PBXFrameworksBuildPhase section */
		2A732D031F8F499D00E251BA /* Frameworks */ = {
			isa = PBXFrameworksBuildPhase;
			buildActionMask = 2147483647;
			files = (
			);
			runOnlyForDeploymentPostprocessing = 0;
		};
/* End PBXFrameworksBuildPhase section */

/* Begin PBXGroup section */
		2A732CFD1F8F499D00E251BA = {
			isa = PBXGroup;
			children = (
				2A732D081F8F499D00E251BA /* devv-social */,
				2A732D071F8F499D00E251BA /* Products */,
			);
			sourceTree = "<group>";
		};
		2A732D071F8F499D00E251BA /* Products */ = {
			isa = PBXGroup;
			children = (
				2A732D061F8F499D00E251BA /* devv-social.app */,
			);
			name = Products;
			sourceTree = "<group>";
		};
		2A732D081F8F499D00E251BA /* devv-social */ = {
			isa = PBXGroup;
			children = (
				2A732D091F8F499D00E251BA /* AppDelegate.swift */,
				2A732D0B1F8F499D00E251BA /* ViewController.swift */,
				2A732D0D1F8F499D00E251BA /* Main.storyboard */,
				2A732D101F8F499D00E251BA /* Assets.xcassets */,
				2A732D121F8F499D00E251BA /* LaunchScreen.storyboard */,
				2A732D151F8F499D00E251BA /* Info.plist */,
			);
			path = "devv-social";
			sourceTree = "<group>";
		};
/* End PBXGroup section */

/* Begin PBXNativeTarget section */
		2A732D051F8F499D00E251BA /* devv-social */ = {
			isa = PBXNativeTarget;
			buildConfigurationList = 2A732D181F8F499D00E251BA /* Build configuration list for PBXNativeTarget "devv-social" */;
			buildPhases = (
				2A732D021F8F499D00E251BA /* Sources */,
				2A732D031F8F499D00E251BA /* Frameworks */,
				2A732D041F8F499D00E251BA /* Resources */,
			);
			buildRules = (
			);
			dependencies = (
			);
			name = "devv-social";
			productName = "devv-social";
			productReference = 2A732D061F8F499D00E251BA /* devv-social.app */;
			productType = "com.apple.product-type.application";
		};
/* End PBXNativeTarget section */

/* Begin PBXProject section */
		2A732CFE1F8F499D00E251BA /* Project object */ = {
			isa = PBXProject;
			attributes = {
				LastSwiftUpdateCheck = 0830;
				LastUpgradeCheck = 0830;
				ORGANIZATIONNAME = "Abhi Ram";
				TargetAttributes = {
					2A732D051F8F499D00E251BA = {
						CreatedOnToolsVersion = 8.3.2;
						ProvisioningStyle = Automatic;
					};
				};
			};
			buildConfigurationList = 2A732D011F8F499D00E251BA /* Build configuration list for PBXProject "devv-social" */;
			compatibilityVersion = "Xcode 3.2";
			developmentRegion = English;
			hasScannedForEncodings = 0;
			knownRegions = (
				en,
				Base,
			);
			mainGroup = 2A732CFD1F8F499D00E251BA;
			productRefGroup = 2A732D071F8F499D00E251BA /* Products */;
			projectDirPath = "";
			projectRoot = "";
			targets = (
				2A732D051F8F499D00E251BA /* devv-social */,
			);
		};
/* End PBXProject section */

/* Begin PBXResourcesBuildPhase section */
		2A732D041F8F499D00E251BA /* Resources */ = {
			isa = PBXResourcesBuildPhase;
			buildActionMask = 2147483647;
			files = (
				2A732D141F8F499D00E251BA /* LaunchScreen.storyboard in Resources */,
				2A732D111F8F499D00E251BA /* Assets.xcassets in Resources */,
				2A732D0F1F8F499D00E251BA /* Main.storyboard in Resources */,
			);
			runOnlyForDeploymentPostprocessing = 0;
		};
/* End PBXResourcesBuildPhase section */

/* Begin PBXSourcesBuildPhase section */
		2A732D021F8F499D00E251BA /* Sources */ = {
			isa = PBXSourcesBuildPhase;
			buildActionMask = 2147483647;
			files = (
				2A732D0C1F8F499D00E251BA /* ViewController.swift in Sources */,
				2A732D0A1F8F499D00E251BA /* AppDelegate.swift in Sources */,
			);
			runOnlyForDeploymentPostprocessing = 0;
		};
/* End PBXSourcesBuildPhase section */

/* Begin PBXVariantGroup section */
		2A732D0D1F8F499D00E251BA /* Main.storyboard */ = {
			isa = PBXVariantGroup;
			children = (
				2A732D0E1F8F499D00E251BA /* Base */,
			);
			name = Main.storyboard;
			sourceTree = "<group>";
		};
		2A732D121F8F499D00E251BA /* LaunchScreen.storyboard */ = {
			isa = PBXVariantGroup;
			children = (
				2A732D131F8F499D00E251BA /* Base */,
			);
			name = LaunchScreen.storyboard;
			sourceTree = "<group>";
		};
/* End PBXVariantGroup section */

/* Begin XCBuildConfiguration section */
		2A732D161F8F499D00E251BA /* Debug */ = {
			isa = XCBuildConfiguration;
			buildSettings = {
				ALWAYS_SEARCH_USER_PATHS = NO;
				CLANG_ANALYZER_NONNULL = YES;
				CLANG_ANALYZER_NUMBER_OBJECT_CONVERSION = YES_AGGRESSIVE;
				CLANG_CXX_LANGUAGE_STANDARD = "gnu++0x";
				CLANG_CXX_LIBRARY = "libc++";
				CLANG_ENABLE_MODULES = YES;
				CLANG_ENABLE_OBJC_ARC = YES;
				CLANG_WARN_BOOL_CONVERSION = YES;
				CLANG_WARN_CONSTANT_CONVERSION = YES;
				CLANG_WARN_DIRECT_OBJC_ISA_USAGE = YES_ERROR;
				CLANG_WARN_DOCUMENTATION_COMMENTS = YES;
				CLANG_WARN_EMPTY_BODY = YES;
				CLANG_WARN_ENUM_CONVERSION = YES;
				CLANG_WARN_INFINITE_RECURSION = YES;
				CLANG_WARN_INT_CONVERSION = YES;
				CLANG_WARN_OBJC_ROOT_CLASS = YES_ERROR;
				CLANG_WARN_SUSPICIOUS_MOVE = YES;
				CLANG_WARN_UNREACHABLE_CODE = YES;
				CLANG_WARN__DUPLICATE_METHOD_MATCH = YES;
				"CODE_SIGN_IDENTITY[sdk=iphoneos*]" = "iPhone Developer";
				COPY_PHASE_STRIP = NO;
				DEBUG_INFORMATION_FORMAT = dwarf;
				ENABLE_STRICT_OBJC_MSGSEND = YES;
				ENABLE_TESTABILITY = YES;
				GCC_C_LANGUAGE_STANDARD = gnu99;
				GCC_DYNAMIC_NO_PIC = NO;
				GCC_NO_COMMON_BLOCKS = YES;
				GCC_OPTIMIZATION_LEVEL = 0;
				GCC_PREPROCESSOR_DEFINITIONS = (
					"DEBUG=1",
					"$(inherited)",
				);
				GCC_WARN_64_TO_32_BIT_CONVERSION = YES;
				GCC_WARN_ABOUT_RETURN_TYPE = YES_ERROR;
				GCC_WARN_UNDECLARED_SELECTOR = YES;
				GCC_WARN_UNINITIALIZED_AUTOS = YES_AGGRESSIVE;
				GCC_WARN_UNUSED_FUNCTION = YES;
				GCC_WARN_UNUSED_VARIABLE = YES;
				IPHONEOS_DEPLOYMENT_TARGET = 10.3;
				MTL_ENABLE_DEBUG_INFO = YES;
				ONLY_ACTIVE_ARCH = YES;
				SDKROOT = iphoneos;
				SWIFT_ACTIVE_COMPILATION_CONDITIONS = DEBUG;
				SWIFT_OPTIMIZATION_LEVEL = "-Onone";
				TARGETED_DEVICE_FAMILY = "1,2";
			};
			name = Debug;
		};
		2A732D171F8F499D00E251BA /* Release */ = {
			isa = XCBuildConfiguration;
			buildSettings = {
				ALWAYS_SEARCH_USER_PATHS = NO;
				CLANG_ANALYZER_NONNULL = YES;
				CLANG_ANALYZER_NUMBER_OBJECT_CONVERSION = YES_AGGRESSIVE;
				CLANG_CXX_LANGUAGE_STANDARD = "gnu++0x";
				CLANG_CXX_LIBRARY = "libc++";
				CLANG_ENABLE_MODULES = YES;
				CLANG_ENABLE_OBJC_ARC = YES;
				CLANG_WARN_BOOL_CONVERSION = YES;
				CLANG_WARN_CONSTANT_CONVERSION = YES;
				CLANG_WARN_DIRECT_OBJC_ISA_USAGE = YES_ERROR;
				CLANG_WARN_DOCUMENTATION_COMMENTS = YES;
				CLANG_WARN_EMPTY_BODY = YES;
				CLANG_WARN_ENUM_CONVERSION = YES;
				CLANG_WARN_INFINITE_RECURSION = YES;
				CLANG_WARN_INT_CONVERSION = YES;
				CLANG_WARN_OBJC_ROOT_CLASS = YES_ERROR;
				CLANG_WARN_SUSPICIOUS_MOVE = YES;
				CLANG_WARN_UNREACHABLE_CODE = YES;
				CLANG_WARN__DUPLICATE_METHOD_MATCH = YES;
				"CODE_SIGN_IDENTITY[sdk=iphoneos*]" = "iPhone Developer";
				COPY_PHASE_STRIP = NO;
				DEBUG_INFORMATION_FORMAT = "dwarf-with-dsym";
				ENABLE_NS_ASSERTIONS = NO;
				ENABLE_STRICT_OBJC_MSGSEND = YES;
				GCC_C_LANGUAGE_STANDARD = gnu99;
				GCC_NO_COMMON_BLOCKS = YES;
				GCC_WARN_64_TO_32_BIT_CONVERSION = YES;
				GCC_WARN_ABOUT_RETURN_TYPE = YES_ERROR;
				GCC_WARN_UNDECLARED_SELECTOR = YES;
				GCC_WARN_UNINITIALIZED_AUTOS = YES_AGGRESSIVE;
				GCC_WARN_UNUSED_FUNCTION = YES;
				GCC_WARN_UNUSED_VARIABLE = YES;
				IPHONEOS_DEPLOYMENT_TARGET = 10.3;
				MTL_ENABLE_DEBUG_INFO = NO;
				SDKROOT = iphoneos;
				SWIFT_OPTIMIZATION_LEVEL = "-Owholemodule";
				TARGETED_DEVICE_FAMILY = "1,2";
				VALIDATE_PRODUCT = YES;
			};
			name = Release;
		};
		2A732D191F8F499D00E251BA /* Debug */ = {
			isa = XCBuildConfiguration;
			buildSettings = {
				ASSETCATALOG_COMPILER_APPICON_NAME = AppIcon;
				INFOPLIST_FILE = "devv-social/Info.plist";
				LD_RUNPATH_SEARCH_PATHS = "$(inherited) @executable_path/Frameworks";
				PRODUCT_BUNDLE_IDENTIFIER = "abhi.devv-social";
				PRODUCT_NAME = "$(TARGET_NAME)";
				SWIFT_VERSION = 3.0;
			};
			name = Debug;
		};
		2A732D1A1F8F499D00E251BA /* Release */ = {
			isa = XCBuildConfiguration;
			buildSettings = {
				ASSETCATALOG_COMPILER_APPICON_NAME = AppIcon;
				INFOPLIST_FILE = "devv-social/Info.plist";
				LD_RUNPATH_SEARCH_PATHS = "$(inherited) @executable_path/Frameworks";
				PRODUCT_BUNDLE_IDENTIFIER = "abhi.devv-social";
				PRODUCT_NAME = "$(TARGET_NAME)";
				SWIFT_VERSION = 3.0;
			};
			name = Release;
		};
/* End XCBuildConfiguration section */

/* Begin XCConfigurationList section */
		2A732D011F8F499D00E251BA /* Build configuration list for PBXProject "devv-social" */ = {
			isa = XCConfigurationList;
			buildConfigurations = (
				2A732D161F8F499D00E251BA /* Debug */,
				2A732D171F8F499D00E251BA /* Release */,
			);
			defaultConfigurationIsVisible = 0;
			defaultConfigurationName = Release;
		};
		2A732D181F8F499D00E251BA /* Build configuration list for PBXNativeTarget "devv-social" */ = {
			isa = XCConfigurationList;
			buildConfigurations = (
				2A732D191F8F499D00E251BA /* Debug */,
				2A732D1A1F8F499D00E251BA /* Release */,
			);
			defaultConfigurationIsVisible = 0;
		};
/* End XCConfigurationList section */
	};
	rootObject = 2A732CFE1F8F499D00E251BA /* Project object */;
}
